
Microsoft Visual Studio Solution File, Format Version 12.00
# Visual Studio Version 17
VisualStudioVersion = 17.0.31903.59
MinimumVisualStudioVersion = 10.0.40219.1
Project("{2150E333-8FDC-42A3-9474-1A3956D46DE8}") = "src", "src", "{827E0CD3-B72D-47B6-A68D-7590B98EB39B}"
EndProject
Project("{FAE04EC0-301F-11D3-BF4B-00C04F79EFBC}") = "IberiaSmartDisc.Core", "src\IberiaSmartDisc.Core\IberiaSmartDisc.Core.csproj", "{47BAEB53-6095-47FF-A841-32A286D0E798}"
EndProject
Project("{FAE04EC0-301F-11D3-BF4B-00C04F79EFBC}") = "IberiaSmartDisc", "src\IberiaSmartDisc\IberiaSmartDisc.csproj", "{9AFDC3D6-0D7F-4342-94AF-B1E7D3B3227B}"
EndProject
Project("{2150E333-8FDC-42A3-9474-1A3956D46DE8}") = "tests", "tests", "{0AB3BF05-4346-4AA6-1389-037BE0695223}"
EndProject
Project("{FAE04EC0-301F-11D3-BF4B-00C04F79EFBC}") = "IberiaSmartDisc.Core.Tests", "tests\IberiaSmartDisc.Core.Tests\IberiaSmartDisc.Core.Tests.csproj", "{7AF4E590-0BAA-4DC0-B584-64DA46FAF846}"
EndProject
Global
	GlobalSection(SolutionConfigurationPlatforms) = preSolution
		Debug|Any CPU = Debug|Any CPU
		Debug|x64 = Debug|x64
		Debug|x86 = Debug|x86
		Release|Any CPU = Release|Any CPU
		Release|x64 = Release|x64
		Release|x86 = Release|x86
	EndGlobalSection
	GlobalSection(ProjectConfigurationPlatforms) = postSolution
		{47BAEB53-6095-47FF-A841-32A286D0E798}.Debug|Any CPU.ActiveCfg = Debug|Any CPU
		{47BAEB53-6095-47FF-A841-32A286D0E798}.Debug|Any CPU.Build.0 = Debug|Any CPU
		{47BAEB53-6095-47FF-A841-32A286D0E798}.Debug|x64.ActiveCfg = Debug|Any CPU
		{47BAEB53-6095-47FF-A841-32A286D0E798}.Debug|x64.Build.0 = Debug|Any CPU
		{47BAEB53-6095-47FF-A841-32A286D0E798}.Debug|x86.ActiveCfg = Debug|Any CPU
		{47BAEB53-6095-47FF-A841-32A286D0E798}.Debug|x86.Build.0 = Debug|Any CPU
		{47BAEB53-6095-47FF-A841-32A286D0E798}.Release|Any CPU.ActiveCfg = Release|Any CPU
		{47BAEB53-6095-47FF-A841-32A286D0E798}.Release|Any CPU.Build.0 = Release|Any CPU
		{47BAEB53-6095-47FF-A841-32A286D0E798}.Release|x64.ActiveCfg = Release|Any CPU
		{47BAEB53-6095-47FF-A841-32A286D0E798}.Release|x64.Build.0 = Release|Any CPU
		{47BAEB53-6095-47FF-A841-32A286D0E798}.Release|x86.ActiveCfg = Release|Any CPU
		{47BAEB53-6095-47FF-A841-32A286D0E798}.Release|x86.Build.0 = Release|Any CPU
		{9AFDC3D6-0D7F-4342-94AF-B1E7D3B3227B}.Debug|Any CPU.ActiveCfg = Debug|Any CPU
		{9AFDC3D6-0D7F-4342-94AF-B1E7D3B3227B}.Debug|Any CPU.Build.0 = Debug|Any CPU
		{9AFDC3D6-0D7F-4342-94AF-B1E7D3B3227B}.Debug|x64.ActiveCfg = Debug|Any CPU
		{9AFDC3D6-0D7F-4342-94AF-B1E7D3B3227B}.Debug|x64.Build.0 = Debug|Any CPU
		{9AFDC3D6-0D7F-4342-94AF-B1E7D3B3227B}.Debug|x86.ActiveCfg = Debug|Any CPU
		{9AFDC3D6-0D7F-4342-94AF-B1E7D3B3227B}.Debug|x86.Build.0 = Debug|Any CPU
		{9AFDC3D6-0D7F-4342-94AF-B1E7D3B3227B}.Release|Any CPU.ActiveCfg = Release|Any CPU
		{9AFDC3D6-0D7F-4342-94AF-B1E7D3B3227B}.Release|Any CPU.Build.0 = Release|Any CPU
		{9AFDC3D6-0D7F-4342-94AF-B1E7D3B3227B}.Release|x64.ActiveCfg = Release|Any CPU
		{9AFDC3D6-0D7F-4342-94AF-B1E7D3B3227B}.Release|x64.Build.0 = Release|Any CPU
		{9AFDC3D6-0D7F-4342-94AF-B1E7D3B3227B}.Release|x86.ActiveCfg = Release|Any CPU
		{9AFDC3D6-0D7F-4342-94AF-B1E7D3B3227B}.Release|x86.Build.0 = Release|Any CPU
		{7AF4E590-0BAA-4DC0-B584-64DA46FAF846}.Debug|Any CPU.ActiveCfg = Debug|Any CPU
		{7AF4E590-0BAA-4DC0-B584-64DA46FAF846}.Debug|Any CPU.Build.0 = Debug|Any CPU
		{7AF4E590-0BAA-4DC0-B584-64DA46FAF846}.Debug|x64.ActiveCfg = Debug|Any CPU
		{7AF4E590-0BAA-4DC0-B584-64DA46FAF846}.Debug|x64.Build.0 = Debug|Any CPU
		{7AF4E590-0BAA-4DC0-B584-64DA46FAF846}.Debug|x86.ActiveCfg = Debug|Any CPU
		{7AF4E590-0BAA-4DC0-B584-64DA46FAF846}.Debug|x86.Build.0 = Debug|Any CPU
		{7AF4E590-0BAA-4DC0-B584-64DA46FAF846}.Release|Any CPU.ActiveCfg = Release|Any CPU
		{7AF4E590-0BAA-4DC0-B584-64DA46FAF846}.Release|Any CPU.Build.0 = Release|Any CPU
		{7AF4E590-0BAA-4DC0-B584-64DA46FAF846}.Release|x64.ActiveCfg = Release|Any CPU
		{7AF4E590-0BAA-4DC0-B584-64DA46FAF846}.Release|x64.Build.0 = Release|Any CPU
		{7AF4E590-0BAA-4DC0-B584-64DA46FAF846}.Release|x86.ActiveCfg = Release|Any CPU
		{7AF4E590-0BAA-4DC0-B584-64DA46FAF846}.Release|x86.Build.0 = Release|Any CPU
	EndGlobalSection
	GlobalSection(SolutionProperties) = preSolution
		HideSolutionNode = FALSE
	EndGlobalSection
	GlobalSection(NestedProjects) = preSolution
		{47BAEB53-6095-47FF-A841-32A286D0E798} = {827E0CD3-B72D-47B6-A68D-7590B98EB39B}
		{9AFDC3D6-0D7F-4342-94AF-B1E7D3B3227B} = {827E0CD3-B72D-47B6-A68D-7590B98EB39B}
		{7AF4E590-0BAA-4DC0-B584-64DA46FAF846} = {0AB3BF05-4346-4AA6-1389-037BE0695223}
	EndGlobalSection
EndGlobal
